{
  "version": 4,
  "terraform_version": "1.11.3",
  "serial": 35,
  "lineage": "af6ef6f2-22f8-66c6-e032-ad2186f701b1",
  "outputs": {
    "cloudfront_distribution_id": {
      "value": "E2QYUUR1A65WFL",
      "type": "string"
    },
    "cloudfront_domain_name": {
      "value": "dbnp3womfvfzi.cloudfront.net",
      "type": "string"
    },
    "s3_bucket_name": {
      "value": "thabojafta-co-za-p3ipjsfr",
      "type": "string"
    },
    "s3_bucket_website_endpoint": {
      "value": "thabojafta-co-za-p3ipjsfr.s3-website-us-east-1.amazonaws.com",
      "type": "string"
    },
    "website_url": {
      "value": "https://dbnp3womfvfzi.cloudfront.net",
      "type": "string"
    },
    "www_website_url": {
      "value": "https://dbnp3womfvfzi.cloudfront.net",
      "type": "string"
    }
  },
  "resources": [
    {
      "mode": "managed",
      "type": "aws_cloudfront_distribution",
      "name": "website",
      "provider": "provider[\"registry.terraform.io/hashicorp/aws\"]",
      "instances": [
        {
          "schema_version": 1,
          "attributes": {
            "aliases": [],
            "arn": "arn:aws:cloudfront::905418095730:distribution/E2QYUUR1A65WFL",
            "caller_reference": "terraform-20250812123632767400000001",
            "comment": "Static website distribution for thabojafta.co.za",
            "continuous_deployment_policy_id": "",
            "custom_error_response": [
              {
                "error_caching_min_ttl": 0,
                "error_code": 403,
                "response_code": 404,
                "response_page_path": "/error.html"
              },
              {
                "error_caching_min_ttl": 0,
                "error_code": 404,
                "response_code": 404,
                "response_page_path": "/error.html"
              }
            ],
            "default_cache_behavior": [
              {
                "allowed_methods": [
                  "DELETE",
                  "GET",
                  "HEAD",
                  "OPTIONS",
                  "PATCH",
                  "POST",
                  "PUT"
                ],
                "cache_policy_id": "",
                "cached_methods": [
                  "GET",
                  "HEAD"
                ],
                "compress": true,
                "default_ttl": 3600,
                "field_level_encryption_id": "",
                "forwarded_values": [
                  {
                    "cookies": [
                      {
                        "forward": "none",
                        "whitelisted_names": []
                      }
                    ],
                    "headers": [],
                    "query_string": false,
                    "query_string_cache_keys": []
                  }
                ],
                "function_association": [],
                "grpc_config": [
                  {
                    "enabled": false
                  }
                ],
                "lambda_function_association": [],
                "max_ttl": 86400,
                "min_ttl": 0,
                "origin_request_policy_id": "",
                "realtime_log_config_arn": "",
                "response_headers_policy_id": "",
                "smooth_streaming": false,
                "target_origin_id": "S3-thabojafta-co-za-p3ipjsfr",
                "trusted_key_groups": [],
                "trusted_signers": [],
                "viewer_protocol_policy": "redirect-to-https"
              }
            ],
            "default_root_object": "index.html",
            "domain_name": "dbnp3womfvfzi.cloudfront.net",
            "enabled": true,
            "etag": "E30FYFL9IPM509",
            "hosted_zone_id": "Z2FDTNDATAQYW2",
            "http_version": "http2",
            "id": "E2QYUUR1A65WFL",
            "in_progress_validation_batches": 0,
            "is_ipv6_enabled": true,
            "last_modified_time": "2025-08-12 12:36:33.075 +0000 UTC",
            "logging_config": [],
            "ordered_cache_behavior": [],
            "origin": [
              {
                "connection_attempts": 3,
                "connection_timeout": 10,
                "custom_header": [],
                "custom_origin_config": [],
                "domain_name": "thabojafta-co-za-p3ipjsfr.s3.us-east-1.amazonaws.com",
                "origin_access_control_id": "E1IYG5VER3R1OE",
                "origin_id": "S3-thabojafta-co-za-p3ipjsfr",
                "origin_path": "",
                "origin_shield": [],
                "s3_origin_config": [],
                "vpc_origin_config": []
              }
            ],
            "origin_group": [],
            "price_class": "PriceClass_100",
            "restrictions": [
              {
                "geo_restriction": [
                  {
                    "locations": [],
                    "restriction_type": "none"
                  }
                ]
              }
            ],
            "retain_on_delete": false,
            "staging": false,
            "status": "Deployed",
            "tags": {
              "Environment": "production",
              "Name": "Static Website CloudFront",
              "Purpose": "Portfolio Website CDN"
            },
            "tags_all": {
              "Environment": "production",
              "Name": "Static Website CloudFront",
              "Purpose": "Portfolio Website CDN"
            },
            "trusted_key_groups": [
              {
                "enabled": false,
                "items": []
              }
            ],
            "trusted_signers": [
              {
                "enabled": false,
                "items": []
              }
            ],
            "viewer_certificate": [
              {
                "acm_certificate_arn": "",
                "cloudfront_default_certificate": true,
                "iam_certificate_id": "",
                "minimum_protocol_version": "TLSv1",
                "ssl_support_method": ""
              }
            ],
            "wait_for_deployment": true,
            "web_acl_id": ""
          },
          "sensitive_attributes": [],
          "private": "eyJzY2hlbWFfdmVyc2lvbiI6IjEifQ==",
          "dependencies": [
            "aws_cloudfront_origin_access_control.website",
            "aws_s3_bucket.website",
            "random_string.bucket_suffix"
          ]
        }
      ]
    },
    {
      "mode": "managed",
      "type": "aws_cloudfront_origin_access_control",
      "name": "website",
      "provider": "provider[\"registry.terraform.io/hashicorp/aws\"]",
      "instances": [
        {
          "schema_version": 0,
          "attributes": {
            "arn": "arn:aws:cloudfront::905418095730:origin-access-control/E1IYG5VER3R1OE",
            "description": "Origin Access Control for Static Website",
            "etag": "ETVPDKIKX0DER",
            "id": "E1IYG5VER3R1OE",
            "name": "website-oac",
            "origin_access_control_origin_type": "s3",
            "signing_behavior": "always",
            "signing_protocol": "sigv4"
          },
          "sensitive_attributes": [],
          "private": "bnVsbA=="
        }
      ]
    },
    {
      "mode": "managed",
      "type": "aws_s3_bucket",
      "name": "website",
      "provider": "provider[\"registry.terraform.io/hashicorp/aws\"]",
      "instances": [
        {
          "schema_version": 0,
          "attributes": {
            "acceleration_status": "",
            "acl": null,
            "arn": "arn:aws:s3:::thabojafta-co-za-p3ipjsfr",
            "bucket": "thabojafta-co-za-p3ipjsfr",
            "bucket_domain_name": "thabojafta-co-za-p3ipjsfr.s3.amazonaws.com",
            "bucket_prefix": "",
            "bucket_regional_domain_name": "thabojafta-co-za-p3ipjsfr.s3.us-east-1.amazonaws.com",
            "cors_rule": [],
            "force_destroy": false,
            "grant": [
              {
                "id": "32584a32d06feb6df1bb7ed5ef7f4729ade1dc7840234d26cd11eba662e16727",
                "permissions": [
                  "FULL_CONTROL"
                ],
                "type": "CanonicalUser",
                "uri": ""
              }
            ],
            "hosted_zone_id": "Z3AQBSTGFYJSTF",
            "id": "thabojafta-co-za-p3ipjsfr",
            "lifecycle_rule": [],
            "logging": [],
            "object_lock_configuration": [],
            "object_lock_enabled": false,
            "policy": "{\"Statement\":[{\"Action\":\"s3:GetObject\",\"Effect\":\"Allow\",\"Principal\":\"*\",\"Resource\":\"arn:aws:s3:::thabojafta-co-za-p3ipjsfr/*\",\"Sid\":\"PublicReadGetObject\"}],\"Version\":\"2012-10-17\"}",
            "region": "us-east-1",
            "replication_configuration": [],
            "request_payer": "BucketOwner",
            "server_side_encryption_configuration": [
              {
                "rule": [
                  {
                    "apply_server_side_encryption_by_default": [
                      {
                        "kms_master_key_id": "",
                        "sse_algorithm": "AES256"
                      }
                    ],
                    "bucket_key_enabled": false
                  }
                ]
              }
            ],
            "tags": {
              "Environment": "production",
              "Name": "Static Website Bucket",
              "Purpose": "Portfolio Website"
            },
            "tags_all": {
              "Environment": "production",
              "Name": "Static Website Bucket",
              "Purpose": "Portfolio Website"
            },
            "timeouts": null,
            "versioning": [
              {
                "enabled": true,
                "mfa_delete": false
              }
            ],
            "website": [
              {
                "error_document": "error.html",
                "index_document": "index.html",
                "redirect_all_requests_to": "",
                "routing_rules": ""
              }
            ],
            "website_domain": "s3-website-us-east-1.amazonaws.com",
            "website_endpoint": "thabojafta-co-za-p3ipjsfr.s3-website-us-east-1.amazonaws.com"
          },
          "sensitive_attributes": [],
          "private": "eyJlMmJmYjczMC1lY2FhLTExZTYtOGY4OC0zNDM2M2JjN2M0YzAiOnsiY3JlYXRlIjoxMjAwMDAwMDAwMDAwLCJkZWxldGUiOjM2MDAwMDAwMDAwMDAsInJlYWQiOjEyMDAwMDAwMDAwMDAsInVwZGF0ZSI6MTIwMDAwMDAwMDAwMH19",
          "dependencies": [
            "random_string.bucket_suffix"
          ]
        }
      ]
    },
    {
      "mode": "managed",
      "type": "aws_s3_bucket_policy",
      "name": "website",
      "provider": "provider[\"registry.terraform.io/hashicorp/aws\"]",
      "instances": [
        {
          "schema_version": 0,
          "attributes": {
            "bucket": "thabojafta-co-za-p3ipjsfr",
            "id": "thabojafta-co-za-p3ipjsfr",
            "policy": "{\"Statement\":[{\"Action\":\"s3:GetObject\",\"Effect\":\"Allow\",\"Principal\":\"*\",\"Resource\":\"arn:aws:s3:::thabojafta-co-za-p3ipjsfr/*\",\"Sid\":\"PublicReadGetObject\"}],\"Version\":\"2012-10-17\"}"
          },
          "sensitive_attributes": [],
          "private": "bnVsbA==",
          "dependencies": [
            "aws_s3_bucket.website",
            "aws_s3_bucket_public_access_block.website",
            "random_string.bucket_suffix"
          ]
        }
      ]
    },
    {
      "mode": "managed",
      "type": "aws_s3_bucket_public_access_block",
      "name": "website",
      "provider": "provider[\"registry.terraform.io/hashicorp/aws\"]",
      "instances": [
        {
          "schema_version": 0,
          "attributes": {
            "block_public_acls": false,
            "block_public_policy": false,
            "bucket": "thabojafta-co-za-p3ipjsfr",
            "id": "thabojafta-co-za-p3ipjsfr",
            "ignore_public_acls": false,
            "restrict_public_buckets": false
          },
          "sensitive_attributes": [],
          "private": "bnVsbA==",
          "dependencies": [
            "aws_s3_bucket.website",
            "random_string.bucket_suffix"
          ]
        }
      ]
    },
    {
      "mode": "managed",
      "type": "aws_s3_bucket_versioning",
      "name": "website",
      "provider": "provider[\"registry.terraform.io/hashicorp/aws\"]",
      "instances": [
        {
          "schema_version": 0,
          "attributes": {
            "bucket": "thabojafta-co-za-p3ipjsfr",
            "expected_bucket_owner": "",
            "id": "thabojafta-co-za-p3ipjsfr",
            "mfa": null,
            "versioning_configuration": [
              {
                "mfa_delete": "",
                "status": "Enabled"
              }
            ]
          },
          "sensitive_attributes": [],
          "private": "bnVsbA==",
          "dependencies": [
            "aws_s3_bucket.website",
            "random_string.bucket_suffix"
          ]
        }
      ]
    },
    {
      "mode": "managed",
      "type": "aws_s3_bucket_website_configuration",
      "name": "website",
      "provider": "provider[\"registry.terraform.io/hashicorp/aws\"]",
      "instances": [
        {
          "schema_version": 0,
          "attributes": {
            "bucket": "thabojafta-co-za-p3ipjsfr",
            "error_document": [
              {
                "key": "error.html"
              }
            ],
            "expected_bucket_owner": "",
            "id": "thabojafta-co-za-p3ipjsfr",
            "index_document": [
              {
                "suffix": "index.html"
              }
            ],
            "redirect_all_requests_to": [],
            "routing_rule": [],
            "routing_rules": "",
            "website_domain": "s3-website-us-east-1.amazonaws.com",
            "website_endpoint": "thabojafta-co-za-p3ipjsfr.s3-website-us-east-1.amazonaws.com"
          },
          "sensitive_attributes": [],
          "private": "bnVsbA==",
          "dependencies": [
            "aws_s3_bucket.website",
            "random_string.bucket_suffix"
          ]
        }
      ]
    },
    {
      "mode": "managed",
      "type": "aws_s3_object",
      "name": "assets",
      "provider": "provider[\"registry.terraform.io/hashicorp/aws\"]",
      "instances": [
        {
          "index_key": "IMG_0154-CWTKK9ix.jpg",
          "schema_version": 0,
          "attributes": {
            "acl": null,
            "arn": "arn:aws:s3:::thabojafta-co-za-p3ipjsfr/assets/IMG_0154-CWTKK9ix.jpg",
            "bucket": "thabojafta-co-za-p3ipjsfr",
            "bucket_key_enabled": false,
            "cache_control": "",
            "checksum_algorithm": null,
            "checksum_crc32": "",
            "checksum_crc32c": "",
            "checksum_crc64nvme": "",
            "checksum_sha1": "",
            "checksum_sha256": "",
            "content": null,
            "content_base64": null,
            "content_disposition": "",
            "content_encoding": "",
            "content_language": "",
            "content_type": "image/jpeg",
            "etag": "8017b52768cd8b8ad0766ad42f826a19",
            "force_destroy": false,
            "id": "assets/IMG_0154-CWTKK9ix.jpg",
            "key": "assets/IMG_0154-CWTKK9ix.jpg",
            "kms_key_id": null,
            "metadata": {},
            "object_lock_legal_hold_status": "",
            "object_lock_mode": "",
            "object_lock_retain_until_date": "",
            "override_provider": [],
            "server_side_encryption": "AES256",
            "source": "../dist/assets/IMG_0154-CWTKK9ix.jpg",
            "source_hash": null,
            "storage_class": "STANDARD",
            "tags": {
              "Environment": "production",
              "Name": "Portfolio Asset"
            },
            "tags_all": {
              "Environment": "production",
              "Name": "Portfolio Asset"
            },
            "version_id": "cfEF41Uqmbz0fHPL14qr7aTe5URHVyow",
            "website_redirect": ""
          },
          "sensitive_attributes": [],
          "private": "bnVsbA==",
          "dependencies": [
            "aws_s3_bucket.website",
            "random_string.bucket_suffix"
          ]
        },
        {
          "index_key": "IMG_0177-CMq3sfOP.JPG",
          "schema_version": 0,
          "attributes": {
            "acl": null,
            "arn": "arn:aws:s3:::thabojafta-co-za-p3ipjsfr/assets/IMG_0177-CMq3sfOP.JPG",
            "bucket": "thabojafta-co-za-p3ipjsfr",
            "bucket_key_enabled": false,
            "cache_control": "",
            "checksum_algorithm": null,
            "checksum_crc32": "",
            "checksum_crc32c": "",
            "checksum_crc64nvme": "",
            "checksum_sha1": "",
            "checksum_sha256": "",
            "content": null,
            "content_base64": null,
            "content_disposition": "",
            "content_encoding": "",
            "content_language": "",
            "content_type": "binary/octet-stream",
            "etag": "292c83e655541e6039780ce3353187b0",
            "force_destroy": false,
            "id": "assets/IMG_0177-CMq3sfOP.JPG",
            "key": "assets/IMG_0177-CMq3sfOP.JPG",
            "kms_key_id": null,
            "metadata": {},
            "object_lock_legal_hold_status": "",
            "object_lock_mode": "",
            "object_lock_retain_until_date": "",
            "override_provider": [],
            "server_side_encryption": "AES256",
            "source": "../dist/assets/IMG_0177-CMq3sfOP.JPG",
            "source_hash": null,
            "storage_class": "STANDARD",
            "tags": {
              "Environment": "production",
              "Name": "Portfolio Asset"
            },
            "tags_all": {
              "Environment": "production",
              "Name": "Portfolio Asset"
            },
            "version_id": "KjJJ1_yKt40RhedqmLGubBOH6ymGN5WO",
            "website_redirect": ""
          },
          "sensitive_attributes": [],
          "private": "bnVsbA==",
          "dependencies": [
            "aws_s3_bucket.website",
            "random_string.bucket_suffix"
          ]
        },
        {
          "index_key": "cache-U1JhA8Zz.png",
          "schema_version": 0,
          "attributes": {
            "acl": null,
            "arn": "arn:aws:s3:::thabojafta-co-za-p3ipjsfr/assets/cache-U1JhA8Zz.png",
            "bucket": "thabojafta-co-za-p3ipjsfr",
            "bucket_key_enabled": false,
            "cache_control": "",
            "checksum_algorithm": null,
            "checksum_crc32": "",
            "checksum_crc32c": "",
            "checksum_crc64nvme": "",
            "checksum_sha1": "",
            "checksum_sha256": "",
            "content": null,
            "content_base64": null,
            "content_disposition": "",
            "content_encoding": "",
            "content_language": "",
            "content_type": "image/png",
            "etag": "63563d12d2cd65a6196118ec9559465d",
            "force_destroy": false,
            "id": "assets/cache-U1JhA8Zz.png",
            "key": "assets/cache-U1JhA8Zz.png",
            "kms_key_id": null,
            "metadata": {},
            "object_lock_legal_hold_status": "",
            "object_lock_mode": "",
            "object_lock_retain_until_date": "",
            "override_provider": [],
            "server_side_encryption": "AES256",
            "source": "../dist/assets/cache-U1JhA8Zz.png",
            "source_hash": null,
            "storage_class": "STANDARD",
            "tags": {
              "Environment": "production",
              "Name": "Portfolio Asset"
            },
            "tags_all": {
              "Environment": "production",
              "Name": "Portfolio Asset"
            },
            "version_id": "O.UKiw6KigGsWoZreG8.FbhJYX7wKcIu",
            "website_redirect": ""
          },
          "sensitive_attributes": [],
          "private": "bnVsbA==",
          "dependencies": [
            "aws_s3_bucket.website",
            "random_string.bucket_suffix"
          ]
        },
        {
          "index_key": "css.0ce0f0a2b4c4aa34b64c40e5278af3d1-0PgLW4dX.png",
          "schema_version": 0,
          "attributes": {
            "acl": null,
            "arn": "arn:aws:s3:::thabojafta-co-za-p3ipjsfr/assets/css.0ce0f0a2b4c4aa34b64c40e5278af3d1-0PgLW4dX.png",
            "bucket": "thabojafta-co-za-p3ipjsfr",
            "bucket_key_enabled": false,
            "cache_control": "",
            "checksum_algorithm": null,
            "checksum_crc32": "",
            "checksum_crc32c": "",
            "checksum_crc64nvme": "",
            "checksum_sha1": "",
            "checksum_sha256": "",
            "content": null,
            "content_base64": null,
            "content_disposition": "",
            "content_encoding": "",
            "content_language": "",
            "content_type": "image/png",
            "etag": "897b3c824d65542c27b049a605d7d89f",
            "force_destroy": false,
            "id": "assets/css.0ce0f0a2b4c4aa34b64c40e5278af3d1-0PgLW4dX.png",
            "key": "assets/css.0ce0f0a2b4c4aa34b64c40e5278af3d1-0PgLW4dX.png",
            "kms_key_id": null,
            "metadata": {},
            "object_lock_legal_hold_status": "",
            "object_lock_mode": "",
            "object_lock_retain_until_date": "",
            "override_provider": [],
            "server_side_encryption": "AES256",
            "source": "../dist/assets/css.0ce0f0a2b4c4aa34b64c40e5278af3d1-0PgLW4dX.png",
            "source_hash": null,
            "storage_class": "STANDARD",
            "tags": {
              "Environment": "production",
              "Name": "Portfolio Asset"
            },
            "tags_all": {
              "Environment": "production",
              "Name": "Portfolio Asset"
            },
            "version_id": "5QoB5YZlZbWDRu8mp6c5Onbzc8V_Kvwx",
            "website_redirect": ""
          },
          "sensitive_attributes": [],
          "private": "bnVsbA==",
          "dependencies": [
            "aws_s3_bucket.website",
            "random_string.bucket_suffix"
          ]
        },
        {
          "index_key": "dashboard-B8sNV77w.png",
          "schema_version": 0,
          "attributes": {
            "acl": null,
            "arn": "arn:aws:s3:::thabojafta-co-za-p3ipjsfr/assets/dashboard-B8sNV77w.png",
            "bucket": "thabojafta-co-za-p3ipjsfr",
            "bucket_key_enabled": false,
            "cache_control": "",
            "checksum_algorithm": null,
            "checksum_crc32": "",
            "checksum_crc32c": "",
            "checksum_crc64nvme": "",
            "checksum_sha1": "",
            "checksum_sha256": "",
            "content": null,
            "content_base64": null,
            "content_disposition": "",
            "content_encoding": "",
            "content_language": "",
            "content_type": "image/png",
            "etag": "a0d77717f8ebc10ec2805646486a291d",
            "force_destroy": false,
            "id": "assets/dashboard-B8sNV77w.png",
            "key": "assets/dashboard-B8sNV77w.png",
            "kms_key_id": null,
            "metadata": {},
            "object_lock_legal_hold_status": "",
            "object_lock_mode": "",
            "object_lock_retain_until_date": "",
            "override_provider": [],
            "server_side_encryption": "AES256",
            "source": "../dist/assets/dashboard-B8sNV77w.png",
            "source_hash": null,
            "storage_class": "STANDARD",
            "tags": {
              "Environment": "production",
              "Name": "Portfolio Asset"
            },
            "tags_all": {
              "Environment": "production",
              "Name": "Portfolio Asset"
            },
            "version_id": "C4G.NiHkD5hen.uFXHBATVBPIxQqRror",
            "website_redirect": ""
          },
          "sensitive_attributes": [],
          "private": "bnVsbA==",
          "dependencies": [
            "aws_s3_bucket.website",
            "random_string.bucket_suffix"
          ]
        },
        {
          "index_key": "git.3092b5991e8accb9e7c36817c048a8d5-D4j0Kedv.png",
          "schema_version": 0,
          "attributes": {
            "acl": null,
            "arn": "arn:aws:s3:::thabojafta-co-za-p3ipjsfr/assets/git.3092b5991e8accb9e7c36817c048a8d5-D4j0Kedv.png",
            "bucket": "thabojafta-co-za-p3ipjsfr",
            "bucket_key_enabled": false,
            "cache_control": "",
            "checksum_algorithm": null,
            "checksum_crc32": "",
            "checksum_crc32c": "",
            "checksum_crc64nvme": "",
            "checksum_sha1": "",
            "checksum_sha256": "",
            "content": null,
            "content_base64": null,
            "content_disposition": "",
            "content_encoding": "",
            "content_language": "",
            "content_type": "image/png",
            "etag": "5a908e6e8f66fa57e9fbdb58e123adb9",
            "force_destroy": false,
            "id": "assets/git.3092b5991e8accb9e7c36817c048a8d5-D4j0Kedv.png",
            "key": "assets/git.3092b5991e8accb9e7c36817c048a8d5-D4j0Kedv.png",
            "kms_key_id": null,
            "metadata": {},
            "object_lock_legal_hold_status": "",
            "object_lock_mode": "",
            "object_lock_retain_until_date": "",
            "override_provider": [],
            "server_side_encryption": "AES256",
            "source": "../dist/assets/git.3092b5991e8accb9e7c36817c048a8d5-D4j0Kedv.png",
            "source_hash": null,
            "storage_class": "STANDARD",
            "tags": {
              "Environment": "production",
              "Name": "Portfolio Asset"
            },
            "tags_all": {
              "Environment": "production",
              "Name": "Portfolio Asset"
            },
            "version_id": "ca2qtHDCSaDFzZ0xBnM53ZiQTN8oEkCC",
            "website_redirect": ""
          },
          "sensitive_attributes": [],
          "private": "bnVsbA==",
          "dependencies": [
            "aws_s3_bucket.website",
            "random_string.bucket_suffix"
          ]
        },
        {
          "index_key": "html.6aa56206be02cf6404844871df1d2da6-B2vaf57j.png",
          "schema_version": 0,
          "attributes": {
            "acl": null,
            "arn": "arn:aws:s3:::thabojafta-co-za-p3ipjsfr/assets/html.6aa56206be02cf6404844871df1d2da6-B2vaf57j.png",
            "bucket": "thabojafta-co-za-p3ipjsfr",
            "bucket_key_enabled": false,
            "cache_control": "",
            "checksum_algorithm": null,
            "checksum_crc32": "",
            "checksum_crc32c": "",
            "checksum_crc64nvme": "",
            "checksum_sha1": "",
            "checksum_sha256": "",
            "content": null,
            "content_base64": null,
            "content_disposition": "",
            "content_encoding": "",
            "content_language": "",
            "content_type": "image/png",
            "etag": "36410f27a60ae48f7f8d6e4287ba9ff6",
            "force_destroy": false,
            "id": "assets/html.6aa56206be02cf6404844871df1d2da6-B2vaf57j.png",
            "key": "assets/html.6aa56206be02cf6404844871df1d2da6-B2vaf57j.png",
            "kms_key_id": null,
            "metadata": {},
            "object_lock_legal_hold_status": "",
            "object_lock_mode": "",
            "object_lock_retain_until_date": "",
            "override_provider": [],
            "server_side_encryption": "AES256",
            "source": "../dist/assets/html.6aa56206be02cf6404844871df1d2da6-B2vaf57j.png",
            "source_hash": null,
            "storage_class": "STANDARD",
            "tags": {
              "Environment": "production",
              "Name": "Portfolio Asset"
            },
            "tags_all": {
              "Environment": "production",
              "Name": "Portfolio Asset"
            },
            "version_id": "LZfmB4Bw3CyBeXVyZ5_fu8HgXtA7Wmnj",
            "website_redirect": ""
          },
          "sensitive_attributes": [],
          "private": "bnVsbA==",
          "dependencies": [
            "aws_s3_bucket.website",
            "random_string.bucket_suffix"
          ]
        },
        {
          "index_key": "icons8-github-480-8WSBnJl0.png",
          "schema_version": 0,
          "attributes": {
            "acl": null,
            "arn": "arn:aws:s3:::thabojafta-co-za-p3ipjsfr/assets/icons8-github-480-8WSBnJl0.png",
            "bucket": "thabojafta-co-za-p3ipjsfr",
            "bucket_key_enabled": false,
            "cache_control": "",
            "checksum_algorithm": null,
            "checksum_crc32": "",
            "checksum_crc32c": "",
            "checksum_crc64nvme": "",
            "checksum_sha1": "",
            "checksum_sha256": "",
            "content": null,
            "content_base64": null,
            "content_disposition": "",
            "content_encoding": "",
            "content_language": "",
            "content_type": "image/png",
            "etag": "48c4451d2aa257bfd0ef581132360c64",
            "force_destroy": false,
            "id": "assets/icons8-github-480-8WSBnJl0.png",
            "key": "assets/icons8-github-480-8WSBnJl0.png",
            "kms_key_id": null,
            "metadata": {},
            "object_lock_legal_hold_status": "",
            "object_lock_mode": "",
            "object_lock_retain_until_date": "",
            "override_provider": [],
            "server_side_encryption": "AES256",
            "source": "../dist/assets/icons8-github-480-8WSBnJl0.png",
            "source_hash": null,
            "storage_class": "STANDARD",
            "tags": {
              "Environment": "production",
              "Name": "Portfolio Asset"
            },
            "tags_all": {
              "Environment": "production",
              "Name": "Portfolio Asset"
            },
            "version_id": "JgivkxI76faXA1fRnVkA8ZNvTKtCw_.Q",
            "website_redirect": ""
          },
          "sensitive_attributes": [],
          "private": "bnVsbA==",
          "dependencies": [
            "aws_s3_bucket.website",
            "random_string.bucket_suffix"
          ]
        },
        {
          "index_key": "icons8-linkedin-500-CNTm5Ujc.png",
          "schema_version": 0,
          "attributes": {
            "acl": null,
            "arn": "arn:aws:s3:::thabojafta-co-za-p3ipjsfr/assets/icons8-linkedin-500-CNTm5Ujc.png",
            "bucket": "thabojafta-co-za-p3ipjsfr",
            "bucket_key_enabled": false,
            "cache_control": "",
            "checksum_algorithm": null,
            "checksum_crc32": "",
            "checksum_crc32c": "",
            "checksum_crc64nvme": "",
            "checksum_sha1": "",
            "checksum_sha256": "",
            "content": null,
            "content_base64": null,
            "content_disposition": "",
            "content_encoding": "",
            "content_language": "",
            "content_type": "image/png",
            "etag": "235c570a85bea65fa5b0393f11ae0108",
            "force_destroy": false,
            "id": "assets/icons8-linkedin-500-CNTm5Ujc.png",
            "key": "assets/icons8-linkedin-500-CNTm5Ujc.png",
            "kms_key_id": null,
            "metadata": {},
            "object_lock_legal_hold_status": "",
            "object_lock_mode": "",
            "object_lock_retain_until_date": "",
            "override_provider": [],
            "server_side_encryption": "AES256",
            "source": "../dist/assets/icons8-linkedin-500-CNTm5Ujc.png",
            "source_hash": null,
            "storage_class": "STANDARD",
            "tags": {
              "Environment": "production",
              "Name": "Portfolio Asset"
            },
            "tags_all": {
              "Environment": "production",
              "Name": "Portfolio Asset"
            },
            "version_id": ".ocERW_MBij3Fe2ME3LfhJHK7X1agI1Z",
            "website_redirect": ""
          },
          "sensitive_attributes": [],
          "private": "bnVsbA==",
          "dependencies": [
            "aws_s3_bucket.website",
            "random_string.bucket_suffix"
          ]
        },
        {
          "index_key": "index-BxXOHFYt.js",
          "schema_version": 0,
          "attributes": {
            "acl": null,
            "arn": "arn:aws:s3:::thabojafta-co-za-p3ipjsfr/assets/index-BxXOHFYt.js",
            "bucket": "thabojafta-co-za-p3ipjsfr",
            "bucket_key_enabled": false,
            "cache_control": "",
            "checksum_algorithm": null,
            "checksum_crc32": "",
            "checksum_crc32c": "",
            "checksum_crc64nvme": "",
            "checksum_sha1": "",
            "checksum_sha256": "",
            "content": null,
            "content_base64": null,
            "content_disposition": "",
            "content_encoding": "",
            "content_language": "",
            "content_type": "application/javascript",
            "etag": "f1d7c0e261d576e7e9fd73750c1fe928",
            "force_destroy": false,
            "id": "assets/index-BxXOHFYt.js",
            "key": "assets/index-BxXOHFYt.js",
            "kms_key_id": null,
            "metadata": {},
            "object_lock_legal_hold_status": "",
            "object_lock_mode": "",
            "object_lock_retain_until_date": "",
            "override_provider": [],
            "server_side_encryption": "AES256",
            "source": "../dist/assets/index-BxXOHFYt.js",
            "source_hash": null,
            "storage_class": "STANDARD",
            "tags": {
              "Environment": "production",
              "Name": "Portfolio Asset"
            },
            "tags_all": {
              "Environment": "production",
              "Name": "Portfolio Asset"
            },
            "version_id": "iy8EDhsPaTeYBWvd55hDchSdPv03bsW6",
            "website_redirect": ""
          },
          "sensitive_attributes": [],
          "private": "bnVsbA==",
          "dependencies": [
            "aws_s3_bucket.website",
            "random_string.bucket_suffix"
          ]
        },
        {
          "index_key": "index-Cu4016VN.js",
          "schema_version": 0,
          "attributes": {
            "acl": null,
            "arn": "arn:aws:s3:::thabojafta-co-za-p3ipjsfr/assets/index-Cu4016VN.js",
            "bucket": "thabojafta-co-za-p3ipjsfr",
            "bucket_key_enabled": false,
            "cache_control": "",
            "checksum_algorithm": null,
            "checksum_crc32": "",
            "checksum_crc32c": "",
            "checksum_crc64nvme": "",
            "checksum_sha1": "",
            "checksum_sha256": "",
            "content": null,
            "content_base64": null,
            "content_disposition": "",
            "content_encoding": "",
            "content_language": "",
            "content_type": "application/javascript",
            "etag": "fc0eaf8477e0a09a0536c23d1022c9c8",
            "force_destroy": false,
            "id": "assets/index-Cu4016VN.js",
            "key": "assets/index-Cu4016VN.js",
            "kms_key_id": null,
            "metadata": {},
            "object_lock_legal_hold_status": "",
            "object_lock_mode": "",
            "object_lock_retain_until_date": "",
            "override_provider": [],
            "server_side_encryption": "AES256",
            "source": "../dist/assets/index-Cu4016VN.js",
            "source_hash": null,
            "storage_class": "STANDARD",
            "tags": {
              "Environment": "production",
              "Name": "Portfolio Asset"
            },
            "tags_all": {
              "Environment": "production",
              "Name": "Portfolio Asset"
            },
            "version_id": "UcNPYy9g5tYhNH89SNE8dkbyyy1NnAx0",
            "website_redirect": ""
          },
          "sensitive_attributes": [],
          "private": "bnVsbA==",
          "dependencies": [
            "aws_s3_bucket.website",
            "random_string.bucket_suffix"
          ]
        },
        {
          "index_key": "index-DzEMYY46.css",
          "schema_version": 0,
          "attributes": {
            "acl": null,
            "arn": "arn:aws:s3:::thabojafta-co-za-p3ipjsfr/assets/index-DzEMYY46.css",
            "bucket": "thabojafta-co-za-p3ipjsfr",
            "bucket_key_enabled": false,
            "cache_control": "",
            "checksum_algorithm": null,
            "checksum_crc32": "",
            "checksum_crc32c": "",
            "checksum_crc64nvme": "",
            "checksum_sha1": "",
            "checksum_sha256": "",
            "content": null,
            "content_base64": null,
            "content_disposition": "",
            "content_encoding": "",
            "content_language": "",
            "content_type": "text/css",
            "etag": "955ea47d04c4cc83ca74c86ca383f2d7",
            "force_destroy": false,
            "id": "assets/index-DzEMYY46.css",
            "key": "assets/index-DzEMYY46.css",
            "kms_key_id": null,
            "metadata": {},
            "object_lock_legal_hold_status": "",
            "object_lock_mode": "",
            "object_lock_retain_until_date": "",
            "override_provider": [],
            "server_side_encryption": "AES256",
            "source": "../dist/assets/index-DzEMYY46.css",
            "source_hash": null,
            "storage_class": "STANDARD",
            "tags": {
              "Environment": "production",
              "Name": "Portfolio Asset"
            },
            "tags_all": {
              "Environment": "production",
              "Name": "Portfolio Asset"
            },
            "version_id": "4iqBwMtjRv7BPhAWupofLqcrw0JAzIUq",
            "website_redirect": ""
          },
          "sensitive_attributes": [],
          "private": "bnVsbA==",
          "dependencies": [
            "aws_s3_bucket.website",
            "random_string.bucket_suffix"
          ]
        },
        {
          "index_key": "index-PH5qW5im.css",
          "schema_version": 0,
          "attributes": {
            "acl": null,
            "arn": "arn:aws:s3:::thabojafta-co-za-p3ipjsfr/assets/index-PH5qW5im.css",
            "bucket": "thabojafta-co-za-p3ipjsfr",
            "bucket_key_enabled": false,
            "cache_control": "",
            "checksum_algorithm": null,
            "checksum_crc32": "",
            "checksum_crc32c": "",
            "checksum_crc64nvme": "",
            "checksum_sha1": "",
            "checksum_sha256": "",
            "content": null,
            "content_base64": null,
            "content_disposition": "",
            "content_encoding": "",
            "content_language": "",
            "content_type": "text/css",
            "etag": "ecfb0b189598dc63c24d32075212dd25",
            "force_destroy": false,
            "id": "assets/index-PH5qW5im.css",
            "key": "assets/index-PH5qW5im.css",
            "kms_key_id": null,
            "metadata": {},
            "object_lock_legal_hold_status": "",
            "object_lock_mode": "",
            "object_lock_retain_until_date": "",
            "override_provider": [],
            "server_side_encryption": "AES256",
            "source": "../dist/assets/index-PH5qW5im.css",
            "source_hash": null,
            "storage_class": "STANDARD",
            "tags": {
              "Environment": "production",
              "Name": "Portfolio Asset"
            },
            "tags_all": {
              "Environment": "production",
              "Name": "Portfolio Asset"
            },
            "version_id": "KiX.izSKwHX1vm47jGdQ2N2r2OmQIqyV",
            "website_redirect": ""
          },
          "sensitive_attributes": [],
          "private": "bnVsbA==",
          "dependencies": [
            "aws_s3_bucket.website",
            "random_string.bucket_suffix"
          ]
        },
        {
          "index_key": "js.f8a28e905c78dadb79434b7ceebd52a0-0ypg2hr_.png",
          "schema_version": 0,
          "attributes": {
            "acl": null,
            "arn": "arn:aws:s3:::thabojafta-co-za-p3ipjsfr/assets/js.f8a28e905c78dadb79434b7ceebd52a0-0ypg2hr_.png",
            "bucket": "thabojafta-co-za-p3ipjsfr",
            "bucket_key_enabled": false,
            "cache_control": "",
            "checksum_algorithm": null,
            "checksum_crc32": "",
            "checksum_crc32c": "",
            "checksum_crc64nvme": "",
            "checksum_sha1": "",
            "checksum_sha256": "",
            "content": null,
            "content_base64": null,
            "content_disposition": "",
            "content_encoding": "",
            "content_language": "",
            "content_type": "image/png",
            "etag": "4b3197189781a8838641fe6fb1f6dd28",
            "force_destroy": false,
            "id": "assets/js.f8a28e905c78dadb79434b7ceebd52a0-0ypg2hr_.png",
            "key": "assets/js.f8a28e905c78dadb79434b7ceebd52a0-0ypg2hr_.png",
            "kms_key_id": null,
            "metadata": {},
            "object_lock_legal_hold_status": "",
            "object_lock_mode": "",
            "object_lock_retain_until_date": "",
            "override_provider": [],
            "server_side_encryption": "AES256",
            "source": "../dist/assets/js.f8a28e905c78dadb79434b7ceebd52a0-0ypg2hr_.png",
            "source_hash": null,
            "storage_class": "STANDARD",
            "tags": {
              "Environment": "production",
              "Name": "Portfolio Asset"
            },
            "tags_all": {
              "Environment": "production",
              "Name": "Portfolio Asset"
            },
            "version_id": "7vxylwBu4_B4MNeaz1qM7jr86kUZ9kQk",
            "website_redirect": ""
          },
          "sensitive_attributes": [],
          "private": "bnVsbA==",
          "dependencies": [
            "aws_s3_bucket.website",
            "random_string.bucket_suffix"
          ]
        },
        {
          "index_key": "kanban-hmgjMvPN.png",
          "schema_version": 0,
          "attributes": {
            "acl": null,
            "arn": "arn:aws:s3:::thabojafta-co-za-p3ipjsfr/assets/kanban-hmgjMvPN.png",
            "bucket": "thabojafta-co-za-p3ipjsfr",
            "bucket_key_enabled": false,
            "cache_control": "",
            "checksum_algorithm": null,
            "checksum_crc32": "",
            "checksum_crc32c": "",
            "checksum_crc64nvme": "",
            "checksum_sha1": "",
            "checksum_sha256": "",
            "content": null,
            "content_base64": null,
            "content_disposition": "",
            "content_encoding": "",
            "content_language": "",
            "content_type": "image/png",
            "etag": "015d1cb43b7e4b297bbe7d33d0750f94",
            "force_destroy": false,
            "id": "assets/kanban-hmgjMvPN.png",
            "key": "assets/kanban-hmgjMvPN.png",
            "kms_key_id": null,
            "metadata": {},
            "object_lock_legal_hold_status": "",
            "object_lock_mode": "",
            "object_lock_retain_until_date": "",
            "override_provider": [],
            "server_side_encryption": "AES256",
            "source": "../dist/assets/kanban-hmgjMvPN.png",
            "source_hash": null,
            "storage_class": "STANDARD",
            "tags": {
              "Environment": "production",
              "Name": "Portfolio Asset"
            },
            "tags_all": {
              "Environment": "production",
              "Name": "Portfolio Asset"
            },
            "version_id": "uSDZYbH7cdELTnQjvzCwJNpd2GO6RprU",
            "website_redirect": ""
          },
          "sensitive_attributes": [],
          "private": "bnVsbA==",
          "dependencies": [
            "aws_s3_bucket.website",
            "random_string.bucket_suffix"
          ]
        },
        {
          "index_key": "npm.9657700bc507dfd98ae4f1e24554e890-BSs0SXgt.png",
          "schema_version": 0,
          "attributes": {
            "acl": null,
            "arn": "arn:aws:s3:::thabojafta-co-za-p3ipjsfr/assets/npm.9657700bc507dfd98ae4f1e24554e890-BSs0SXgt.png",
            "bucket": "thabojafta-co-za-p3ipjsfr",
            "bucket_key_enabled": false,
            "cache_control": "",
            "checksum_algorithm": null,
            "checksum_crc32": "",
            "checksum_crc32c": "",
            "checksum_crc64nvme": "",
            "checksum_sha1": "",
            "checksum_sha256": "",
            "content": null,
            "content_base64": null,
            "content_disposition": "",
            "content_encoding": "",
            "content_language": "",
            "content_type": "image/png",
            "etag": "7115715a53ec854040311ad9c61f4194",
            "force_destroy": false,
            "id": "assets/npm.9657700bc507dfd98ae4f1e24554e890-BSs0SXgt.png",
            "key": "assets/npm.9657700bc507dfd98ae4f1e24554e890-BSs0SXgt.png",
            "kms_key_id": null,
            "metadata": {},
            "object_lock_legal_hold_status": "",
            "object_lock_mode": "",
            "object_lock_retain_until_date": "",
            "override_provider": [],
            "server_side_encryption": "AES256",
            "source": "../dist/assets/npm.9657700bc507dfd98ae4f1e24554e890-BSs0SXgt.png",
            "source_hash": null,
            "storage_class": "STANDARD",
            "tags": {
              "Environment": "production",
              "Name": "Portfolio Asset"
            },
            "tags_all": {
              "Environment": "production",
              "Name": "Portfolio Asset"
            },
            "version_id": "2EshxctRVwMdT5BrjKiR73MhqNKQ4l.D",
            "website_redirect": ""
          },
          "sensitive_attributes": [],
          "private": "bnVsbA==",
          "dependencies": [
            "aws_s3_bucket.website",
            "random_string.bucket_suffix"
          ]
        },
        {
          "index_key": "react.cb15bfce2a9004ce61c5f79f805b067b-BFRySSwg.png",
          "schema_version": 0,
          "attributes": {
            "acl": null,
            "arn": "arn:aws:s3:::thabojafta-co-za-p3ipjsfr/assets/react.cb15bfce2a9004ce61c5f79f805b067b-BFRySSwg.png",
            "bucket": "thabojafta-co-za-p3ipjsfr",
            "bucket_key_enabled": false,
            "cache_control": "",
            "checksum_algorithm": null,
            "checksum_crc32": "",
            "checksum_crc32c": "",
            "checksum_crc64nvme": "",
            "checksum_sha1": "",
            "checksum_sha256": "",
            "content": null,
            "content_base64": null,
            "content_disposition": "",
            "content_encoding": "",
            "content_language": "",
            "content_type": "image/png",
            "etag": "c06c5eb3200e897e3b7ff63db3fe78f8",
            "force_destroy": false,
            "id": "assets/react.cb15bfce2a9004ce61c5f79f805b067b-BFRySSwg.png",
            "key": "assets/react.cb15bfce2a9004ce61c5f79f805b067b-BFRySSwg.png",
            "kms_key_id": null,
            "metadata": {},
            "object_lock_legal_hold_status": "",
            "object_lock_mode": "",
            "object_lock_retain_until_date": "",
            "override_provider": [],
            "server_side_encryption": "AES256",
            "source": "../dist/assets/react.cb15bfce2a9004ce61c5f79f805b067b-BFRySSwg.png",
            "source_hash": null,
            "storage_class": "STANDARD",
            "tags": {
              "Environment": "production",
              "Name": "Portfolio Asset"
            },
            "tags_all": {
              "Environment": "production",
              "Name": "Portfolio Asset"
            },
            "version_id": "Ecu8jB3tOdeRxs0jMzBbYhsKQn4TKXaR",
            "website_redirect": ""
          },
          "sensitive_attributes": [],
          "private": "bnVsbA==",
          "dependencies": [
            "aws_s3_bucket.website",
            "random_string.bucket_suffix"
          ]
        },
        {
          "index_key": "thabo-BxrjQRWa.png",
          "schema_version": 0,
          "attributes": {
            "acl": null,
            "arn": "arn:aws:s3:::thabojafta-co-za-p3ipjsfr/assets/thabo-BxrjQRWa.png",
            "bucket": "thabojafta-co-za-p3ipjsfr",
            "bucket_key_enabled": false,
            "cache_control": "",
            "checksum_algorithm": null,
            "checksum_crc32": "",
            "checksum_crc32c": "",
            "checksum_crc64nvme": "",
            "checksum_sha1": "",
            "checksum_sha256": "",
            "content": null,
            "content_base64": null,
            "content_disposition": "",
            "content_encoding": "",
            "content_language": "",
            "content_type": "image/png",
            "etag": "97d0fae49f80eca8c8a157669d25dfd9",
            "force_destroy": false,
            "id": "assets/thabo-BxrjQRWa.png",
            "key": "assets/thabo-BxrjQRWa.png",
            "kms_key_id": null,
            "metadata": {},
            "object_lock_legal_hold_status": "",
            "object_lock_mode": "",
            "object_lock_retain_until_date": "",
            "override_provider": [],
            "server_side_encryption": "AES256",
            "source": "../dist/assets/thabo-BxrjQRWa.png",
            "source_hash": null,
            "storage_class": "STANDARD",
            "tags": {
              "Environment": "production",
              "Name": "Portfolio Asset"
            },
            "tags_all": {
              "Environment": "production",
              "Name": "Portfolio Asset"
            },
            "version_id": "hay_HYXjHJIFgUKcsA6bcKBF1nbMx1z5",
            "website_redirect": ""
          },
          "sensitive_attributes": [],
          "private": "bnVsbA==",
          "dependencies": [
            "aws_s3_bucket.website",
            "random_string.bucket_suffix"
          ]
        }
      ]
    },
    {
      "mode": "managed",
      "type": "aws_s3_object",
      "name": "error_html",
      "provider": "provider[\"registry.terraform.io/hashicorp/aws\"]",
      "instances": [
        {
          "schema_version": 0,
          "attributes": {
            "acl": null,
            "arn": "arn:aws:s3:::thabojafta-co-za-p3ipjsfr/error.html",
            "bucket": "thabojafta-co-za-p3ipjsfr",
            "bucket_key_enabled": false,
            "cache_control": "",
            "checksum_algorithm": null,
            "checksum_crc32": "",
            "checksum_crc32c": "",
            "checksum_crc64nvme": "",
            "checksum_sha1": "",
            "checksum_sha256": "",
            "content": "\u003c!DOCTYPE html\u003e\r\n\u003chtml lang=\"en\"\u003e\r\n\u003chead\u003e\r\n    \u003cmeta charset=\"UTF-8\"\u003e\r\n    \u003cmeta name=\"viewport\" content=\"width=device-width, initial-scale=1.0\"\u003e\r\n    \u003ctitle\u003ePage Not Found - Thabo Jafta\u003c/title\u003e\r\n    \u003cstyle\u003e\r\n        body { \r\n            font-family: Arial, sans-serif; \r\n            max-width: 600px; \r\n            margin: 0 auto; \r\n            padding: 20px; \r\n            text-align: center;\r\n            background: #1a1a1a;\r\n            color: #fff;\r\n        }\r\n        .error { \r\n            background: #2c3e50; \r\n            padding: 40px; \r\n            border-radius: 10px; \r\n            box-shadow: 0 4px 6px rgba(0,0,0,0.3);\r\n        }\r\n        h1 { color: #317EFB; }\r\n        a { \r\n            color: #317EFB; \r\n            text-decoration: none; \r\n            padding: 10px 20px;\r\n            border: 2px solid #317EFB;\r\n            border-radius: 5px;\r\n            display: inline-block;\r\n            margin-top: 20px;\r\n            transition: all 0.3s ease;\r\n        }\r\n        a:hover { \r\n            background: #317EFB; \r\n            color: white; \r\n        }\r\n    \u003c/style\u003e\r\n\u003c/head\u003e\r\n\u003cbody\u003e\r\n    \u003cdiv class=\"error\"\u003e\r\n        \u003ch1\u003e404 - Page Not Found\u003c/h1\u003e\r\n        \u003cp\u003eSorry, the page you're looking for doesn't exist.\u003c/p\u003e\r\n        \u003ca href=\"/\"\u003eReturn to Portfolio\u003c/a\u003e\r\n    \u003c/div\u003e\r\n\u003c/body\u003e\r\n\u003c/html\u003e\r\n",
            "content_base64": null,
            "content_disposition": "",
            "content_encoding": "",
            "content_language": "",
            "content_type": "text/html",
            "etag": "c12244b8c42b01bdbaf891c9103f5ad7",
            "force_destroy": false,
            "id": "error.html",
            "key": "error.html",
            "kms_key_id": null,
            "metadata": {},
            "object_lock_legal_hold_status": "",
            "object_lock_mode": "",
            "object_lock_retain_until_date": "",
            "override_provider": [],
            "server_side_encryption": "AES256",
            "source": null,
            "source_hash": null,
            "storage_class": "STANDARD",
            "tags": {
              "Environment": "production",
              "Name": "Error Page"
            },
            "tags_all": {
              "Environment": "production",
              "Name": "Error Page"
            },
            "version_id": "HYzsl_LoNxtzeiD9AM7DIDrzKO7EDC0y",
            "website_redirect": ""
          },
          "sensitive_attributes": [],
          "private": "bnVsbA==",
          "dependencies": [
            "aws_s3_bucket.website",
            "random_string.bucket_suffix"
          ]
        }
      ]
    },
    {
      "mode": "managed",
      "type": "aws_s3_object",
      "name": "index_html",
      "provider": "provider[\"registry.terraform.io/hashicorp/aws\"]",
      "instances": [
        {
          "schema_version": 0,
          "attributes": {
            "acl": null,
            "arn": "arn:aws:s3:::thabojafta-co-za-p3ipjsfr/index.html",
            "bucket": "thabojafta-co-za-p3ipjsfr",
            "bucket_key_enabled": false,
            "cache_control": "",
            "checksum_algorithm": null,
            "checksum_crc32": "",
            "checksum_crc32c": "",
            "checksum_crc64nvme": "",
            "checksum_sha1": "",
            "checksum_sha256": "",
            "content": "",
            "content_base64": null,
            "content_disposition": "",
            "content_encoding": "",
            "content_language": "",
            "content_type": "text/html",
            "etag": "0cf905c909c7779f16a92a57df50da2d",
            "force_destroy": false,
            "id": "index.html",
            "key": "index.html",
            "kms_key_id": null,
            "metadata": {},
            "object_lock_legal_hold_status": "",
            "object_lock_mode": "",
            "object_lock_retain_until_date": "",
            "override_provider": [],
            "server_side_encryption": "AES256",
            "source": "../dist/index_fixed.html",
            "source_hash": null,
            "storage_class": "STANDARD",
            "tags": {
              "Environment": "production",
              "Name": "Portfolio Index Page"
            },
            "tags_all": {
              "Environment": "production",
              "Name": "Portfolio Index Page"
            },
            "version_id": "bppGqbTBdG9F.4sXdW76o1ZESs7y3hTV",
            "website_redirect": ""
          },
          "sensitive_attributes": [],
          "private": "bnVsbA==",
          "dependencies": [
            "aws_s3_bucket.website",
            "random_string.bucket_suffix"
          ]
        }
      ]
    },
    {
      "mode": "managed",
      "type": "random_string",
      "name": "bucket_suffix",
      "provider": "provider[\"registry.terraform.io/hashicorp/random\"]",
      "instances": [
        {
          "schema_version": 2,
          "attributes": {
            "id": "p3ipjsfr",
            "keepers": null,
            "length": 8,
            "lower": true,
            "min_lower": 0,
            "min_numeric": 0,
            "min_special": 0,
            "min_upper": 0,
            "number": true,
            "numeric": true,
            "override_special": null,
            "result": "p3ipjsfr",
            "special": false,
            "upper": false
          },
          "sensitive_attributes": []
        }
      ]
    }
  ],
  "check_results": null
}
